
Microsoft Visual Studio Solution File, Format Version 12.00
# Visual Studio 15
VisualStudioVersion = 15.0.27130.2003
MinimumVisualStudioVersion = 10.0.40219.1
Project("{FAE04EC0-301F-11D3-BF4B-00C04F79EFBC}") = "HDDIndicator", "HDDIndicator\HDDIndicator.csproj", "{A6F0A847-55C3-4948-98E7-CF094A48EE21}"
EndProject
Global
	GlobalSection(SolutionConfigurationPlatforms) = preSolution
		Debug|Any CPU = Debug|Any CPU
		Release|Any CPU = Release|Any CPU
	EndGlobalSection
	GlobalSection(ProjectConfigurationPlatforms) = postSolution
		{A6F0A847-55C3-4948-98E7-CF094A48EE21}.Debug|Any CPU.ActiveCfg = Debug|Any CPU
		{A6F0A847-55C3-4948-98E7-CF094A48EE21}.Debug|Any CPU.Build.0 = Debug|Any CPU
		{A6F0A847-55C3-4948-98E7-CF094A48EE21}.Release|Any CPU.ActiveCfg = Release|Any CPU
		{A6F0A847-55C3-4948-98E7-CF094A48EE21}.Release|Any CPU.Build.0 = Release|Any CPU
	EndGlobalSection
	GlobalSection(SolutionProperties) = preSolution
		HideSolutionNode = FALSE
	EndGlobalSection
	GlobalSection(ExtensibilityGlobals) = postSolution
		SolutionGuid = {48A27C5B-A10B-40E9-86C3-01DCC62CCEF6}
	EndGlobalSection
EndGlobal
